{
  "name": "retry copy",
  "lockfileVersion": 3,
  "requires": true,
  "packages": {
    "": {
      "dependencies": {
        "@dagrejs/dagre": "^1.1.4"
      }
    },
    "node_modules/@dagrejs/dagre": {
      "version": "1.1.4",
      "resolved": "https://registry.npmjs.org/@dagrejs/dagre/-/dagre-1.1.4.tgz",
      "integrity": "sha512-QUTc54Cg/wvmlEUxB+uvoPVKFazM1H18kVHBQNmK2NbrDR5ihOCR6CXLnDSZzMcSQKJtabPUWridBOlJM3WkDg==",
      "license": "MIT",
      "dependencies": {
        "@dagrejs/graphlib": "2.2.4"
      }
    },
    "node_modules/@dagrejs/graphlib": {
      "version": "2.2.4",
      "resolved": "https://registry.npmjs.org/@dagrejs/graphlib/-/graphlib-2.2.4.tgz",
      "integrity": "sha512-mepCf/e9+SKYy1d02/UkvSy6+6MoyXhVxP8lLDfA7BPE1X1d4dR0sZznmbM8/XVJ1GPM+Svnx7Xj6ZweByWUkw==",
      "license": "MIT",
      "engines": {
        "node": ">17.0.0"
      }
    }
  }
}
